{
  "lockfileVersion": 1,
  "workspaces": {
    "": {
      "name": "render-server",
      "dependencies": {
        "@mediabunny/server": "^1.50.6",
        "dotenv": "^17.4.2",
        "elysia": "^1.4.29",
        "mediabunny": "^1.50.6",
        "node-av": "^6.1.1",
      },
      "devDependencies": {
        "@types/bun": "latest",
        "@types/node": "^26.1.0",
      },
      "peerDependencies": {
        "typescript": "^5",
      },
    },
  },
  "packages": {
    "@babel/runtime": ["@babel/runtime@7.29.7", "", {}, "sha512-Nq8OhGWiZIZGV6hLHoyAKLLcJihP/xFeBMGJoUrxTX2psI8dCifzLhZISFb+VWS3wFMRDmCGw5R+dOySCqPLhw=="],

    "@borewit/text-codec": ["@borewit/text-codec@0.2.2", "", {}, "sha512-DDaRehssg1aNrH4+2hnj1B7vnUGEjU6OIlyRdkMd0aUdIUvKXrJfXsy8LVtXAy7DRvYVluWbMspsRhz2lcW0mQ=="],

    "@fidm/asn1": ["@fidm/asn1@1.0.4", "", {}, "sha512-esd1jyNvRb2HVaQGq2Gg8Z0kbQPXzV9Tq5Z14KNIov6KfFD6PTaRIO8UpcsYiTNzOqJpmyzWgVTrUwFV3UF4TQ=="],

    "@fidm/x509": ["@fidm/x509@1.2.1", "", { "dependencies": { "@fidm/asn1": "^1.0.4", "tweetnacl": "^1.0.1" } }, "sha512-nwc2iesjyc9hkuzcrMCBXQRn653XuAUKorfWM8PZyJawiy1QzLj4vahwzaI25+pfpwOLvMzbJ0uKpWLDNmo16w=="],

    "@leichtgewicht/ip-codec": ["@leichtgewicht/ip-codec@2.0.5", "", {}, "sha512-Vo+PSpZG2/fmgmiNzYK9qWRh8h/CHrwD0mo1h1DzL4yzHNSfWYujGTYsWGreD000gcgmZ7K4Ys6Tx9TxtsKdDw=="],

    "@mediabunny/prores": ["@mediabunny/prores@1.50.6", "", { "dependencies": { "turbores": "^1.2.1" }, "peerDependencies": { "mediabunny": "^1.49.0" } }, "sha512-nP9syFDsuQDIcSO05unRtg+3Yi030FQe5OuaNAJchSJXVJa0sRE543cLbZQSDiXrJznWqbKzjzzLKcUV5sodCg=="],

    "@mediabunny/server": ["@mediabunny/server@1.50.6", "", { "dependencies": { "@mediabunny/prores": "^1.50.6", "node-av": "^6.0.0" }, "peerDependencies": { "mediabunny": "^1.45.0" } }, "sha512-ncbcFXS2EQnsvzD5F7XcMz63krRfqO1scFDsq4Dhm56San2JCdru9UwhCTQwdEi5Mtu0rr+zuet38kstwVqnew=="],

    "@minhducsun2002/leb128": ["@minhducsun2002/leb128@1.0.0", "", {}, "sha512-eFrYUPDVHeuwWHluTG1kwNQUEUcFjVKYwPkU8z9DR1JH3AW7JtJsG9cRVGmwz809kKtGfwGJj58juCZxEvnI/g=="],

    "@noble/curves": ["@noble/curves@1.9.7", "", { "dependencies": { "@noble/hashes": "1.8.0" } }, "sha512-gbKGcRUYIjA3/zCCNaWDciTMFI0dCkvou3TL8Zmy5Nc7sJ47a0jtOeZoTaMxkuqRo9cRhjOdZJXegxYE5FN/xw=="],

    "@noble/hashes": ["@noble/hashes@1.8.0", "", {}, "sha512-jCs9ldd7NwzpgXDIf6P3+NrHh9/sD6CQdxHyjQI+h/6rDNo88ypBxxz45UDuZHz9r3tNz7N/VInSVoVdtXEI4A=="],

    "@peculiar/asn1-cms": ["@peculiar/asn1-cms@2.8.0", "", { "dependencies": { "@peculiar/asn1-schema": "^2.8.0", "@peculiar/asn1-x509": "^2.8.0", "@peculiar/asn1-x509-attr": "^2.8.0", "asn1js": "^3.0.10", "tslib": "^2.8.1" } }, "sha512-NgekZOrSJFSBFLFoLfwePguAWAx7z1+f2TEsWFUMyiqqfntZ4+S/S5hzqME3q4pCA0iOsFKdwiQ35dwY24eVqA=="],

    "@peculiar/asn1-csr": ["@peculiar/asn1-csr@2.8.0", "", { "dependencies": { "@peculiar/asn1-schema": "^2.8.0", "@peculiar/asn1-x509": "^2.8.0", "asn1js": "^3.0.10", "tslib": "^2.8.1" } }, "sha512-akbF8+uvleHs8sejNPQxwmVFuInAg6FMNHOwMILXfP518YfFJwdR3jr6oNUPOaEJfuEhn/vkNOCIT6ASUd4mbg=="],

    "@peculiar/asn1-ecc": ["@peculiar/asn1-ecc@2.8.0", "", { "dependencies": { "@peculiar/asn1-schema": "^2.8.0", "@peculiar/asn1-x509": "^2.8.0", "asn1js": "^3.0.10", "tslib": "^2.8.1" } }, "sha512-ohwlk+u9Rv2NOAY1c6MfHj45ATVF8R1DUN/WCgABiRtLi2ZftlZWZX7KvpAbU8v9xPcmoILfELeEABj/rn18AQ=="],

    "@peculiar/asn1-pfx": ["@peculiar/asn1-pfx@2.8.0", "", { "dependencies": { "@peculiar/asn1-cms": "^2.8.0", "@peculiar/asn1-pkcs8": "^2.8.0", "@peculiar/asn1-rsa": "^2.8.0", "@peculiar/asn1-schema": "^2.8.0", "asn1js": "^3.0.10", "tslib": "^2.8.1" } }, "sha512-5yof1ytoB++RQtaFbqSUJ8pxDJtZT6vbVqZ8XoJ61ph7UjNVvfFwAilnCodqkNsAodpy13gDhoxZXw00pghnyg=="],

    "@peculiar/asn1-pkcs8": ["@peculiar/asn1-pkcs8@2.8.0", "", { "dependencies": { "@peculiar/asn1-schema": "^2.8.0", "@peculiar/asn1-x509": "^2.8.0", "asn1js": "^3.0.10", "tslib": "^2.8.1" } }, "sha512-qAKXtLpBEw9LqhKpjw3ajZSXlBur+ipW+y2ivVBQAG6F6qRx94yO+1ZR4mvw+YaCfKSaOzLeYEzsPaBp4SJELA=="],

    "@peculiar/asn1-pkcs9": ["@peculiar/asn1-pkcs9@2.8.0", "", { "dependencies": { "@peculiar/asn1-cms": "^2.8.0", "@peculiar/asn1-pfx": "^2.8.0", "@peculiar/asn1-pkcs8": "^2.8.0", "@peculiar/asn1-schema": "^2.8.0", "@peculiar/asn1-x509": "^2.8.0", "@peculiar/asn1-x509-attr": "^2.8.0", "asn1js": "^3.0.10", "tslib": "^2.8.1" } }, "sha512-b5nDWCnkV60+cQ141D6sVVwK9nz64R5n3zSVnklGd+ECdkW2Ol3U1a6yYFlalpSOaD557yuJB64A+q42jG7lUQ=="],

    "@peculiar/asn1-rsa": ["@peculiar/asn1-rsa@2.8.0", "", { "dependencies": { "@peculiar/asn1-schema": "^2.8.0", "@peculiar/asn1-x509": "^2.8.0", "asn1js": "^3.0.10", "tslib": "^2.8.1" } }, "sha512-zHEUlCqB2mk7x2lxDwHHJy7hWZOPdGHVlsmITWKB5/PbQo61atbu9PJ/0r9dQNMwFzbKPXZ8uK8/91eUhRznSg=="],

    "@peculiar/asn1-schema": ["@peculiar/asn1-schema@2.8.0", "", { "dependencies": { "@peculiar/utils": "^2.0.2", "asn1js": "^3.0.10", "tslib": "^2.8.1" } }, "sha512-7YT0U/ze0tF2QOBbE15gKZwy5tvgGyLRiRHLzhlbOpf7BT032oBSd0haZqXn5W6l26WLlu3dyxzjM+2638/z2Q=="],

    "@peculiar/asn1-x509": ["@peculiar/asn1-x509@2.8.0", "", { "dependencies": { "@peculiar/asn1-schema": "^2.8.0", "@peculiar/utils": "^2.0.2", "asn1js": "^3.0.10", "tslib": "^2.8.1" } }, "sha512-N0CMuhWUzsWEVq6F1q9X6+VKUnWzSW+cSVg+aPaGGwDdbFoFWTYgin5MHwXgpWd6y9COMBxnfy/Qc+Xc7F0Zwg=="],

    "@peculiar/asn1-x509-attr": ["@peculiar/asn1-x509-attr@2.8.0", "", { "dependencies": { "@peculiar/asn1-schema": "^2.8.0", "@peculiar/asn1-x509": "^2.8.0", "asn1js": "^3.0.10", "tslib": "^2.8.1" } }, "sha512-tHjkfS/qhMnmrlB2J9NhflQlQ7In3khO3CfmVrriOlpTeErY9ZIKOso1hQ5JQiyrJ7ShvqVPk7E5fQmbclkSKA=="],

    "@peculiar/utils": ["@peculiar/utils@2.0.3", "", { "dependencies": { "tslib": "^2.8.1" } }, "sha512-+oL3HPFRIZ1St2K50lWCXiioIgSoxzz7R1J3uF6neO2yl1sgmpgY6XXJH4BdpoDkMWznQTeYF6oWNDZLCdQ4eQ=="],

    "@peculiar/x509": ["@peculiar/x509@1.14.3", "", { "dependencies": { "@peculiar/asn1-cms": "^2.6.0", "@peculiar/asn1-csr": "^2.6.0", "@peculiar/asn1-ecc": "^2.6.0", "@peculiar/asn1-pkcs9": "^2.6.0", "@peculiar/asn1-rsa": "^2.6.0", "@peculiar/asn1-schema": "^2.6.0", "@peculiar/asn1-x509": "^2.6.0", "pvtsutils": "^1.3.6", "reflect-metadata": "^0.2.2", "tslib": "^2.8.1", "tsyringe": "^4.10.0" } }, "sha512-C2Xj8FZ0uHWeCXXqX5B4/gVFQmtSkiuOolzAgutjTfseNOHT3pUjljDZsTSxXFGgio54bCzVFqmEOUrIVk8RDA=="],

    "@rollup/rollup-linux-x64-gnu": ["@rollup/rollup-linux-x64-gnu@4.62.1", "", { "os": "linux", "cpu": "x64" }, "sha512-nVQGk/jStQc2V4rrkI+vPD2J+85boKqS4R4nOdPhc3eWw0kyW/b+AYRGoH8qo057XSVqaTx13AliH5qPeLTtgQ=="],

    "@seydx/node-av-darwin-arm64": ["@seydx/node-av-darwin-arm64@6.1.1", "", { "os": "darwin", "cpu": "arm64" }, "sha512-hJ07HDFwz96MI/EY1V89/jVWXMfn/xb/32vocNhAeqnvBRMZio+hDz8lQloGynqv8iow5y9mPb7fOuzt5cW1+w=="],

    "@seydx/node-av-darwin-x64": ["@seydx/node-av-darwin-x64@6.1.1", "", { "os": "darwin", "cpu": "x64" }, "sha512-7sfIEA/KkEMPMbfLlU9pGy34vE5iOpWryBFK87jDXeqLo4hB5p5qx2IDKcKfD6WBzEMk5FJScZz4rlT3J546Og=="],

    "@seydx/node-av-linux-arm64": ["@seydx/node-av-linux-arm64@6.1.1", "", { "os": "linux", "cpu": "arm64" }, "sha512-E5LopQ+LaTGdjmnk3KYsrKF1qRQHT22xVGijUdAcvbScfLTJz2RuJoevKT53cuNupR1gdmRmvnmq+kac4TkDRA=="],

    "@seydx/node-av-linux-x64": ["@seydx/node-av-linux-x64@6.1.1", "", { "os": "linux", "cpu": "x64" }, "sha512-2HkBkMUSmA+1sP0PN7eFSkNJhbejgJDCXx0w0ZMRlTLqF+snz5ptf/gl/tQye9yER6I4OGW/7WVL5Y2PVneNCA=="],

    "@seydx/node-av-win32-arm64-mingw": ["@seydx/node-av-win32-arm64-mingw@6.1.1", "", { "os": "win32", "cpu": "arm64" }, "sha512-inhihhVGetTgpYaUQHfeTbG/PdBzYHqBRz79U/83C/64FHw7+sKQF125B7Hfle7tnTX3w7LoJQ+RxsoAP2RWgw=="],

    "@seydx/node-av-win32-arm64-msvc": ["@seydx/node-av-win32-arm64-msvc@6.1.1", "", { "os": "win32", "cpu": "arm64" }, "sha512-gESbRZhCkldciGV+e08PhgJ3Do2PnL1ZY8ZIIDTjutCZdw+lgZigvZGq8jQ+TnsV6Djf1pdcKx3Z2VGnIGId5Q=="],

    "@seydx/node-av-win32-x64-mingw": ["@seydx/node-av-win32-x64-mingw@6.1.1", "", { "os": "win32", "cpu": "x64" }, "sha512-DqdNMsGTMcmg/y+DwHu+slFdP5VluCFNrefhUoq7mobu2kKk0i3LBN9xz2NdeG15jKB+DCeqFmt0r5iMGymOKA=="],

    "@seydx/node-av-win32-x64-msvc": ["@seydx/node-av-win32-x64-msvc@6.1.1", "", { "os": "win32", "cpu": "x64" }, "sha512-GLjjoOYTqh1rvTzawgBMVKgY+8OIXMyrgD1eIqKLy3L6rWJhGvsbY+kUy15XbatGTFwStTlHK9ovTi2Xj/+9lQ=="],

    "@shinyoshiaki/binary-data": ["@shinyoshiaki/binary-data@0.6.1", "", { "dependencies": { "generate-function": "^2.3.1", "is-plain-object": "^2.0.3" } }, "sha512-7HDb/fQAop2bCmvDIzU5+69i+UJaFgIVp99h1VzK1mpg1JwSODOkjbqD7ilTYnqlnadF8C4XjpwpepxDsGY6+w=="],

    "@shinyoshiaki/jspack": ["@shinyoshiaki/jspack@0.0.6", "", {}, "sha512-SdsNhLjQh4onBlyPrn4ia1Pdx5bXT88G/LIEpOYAjx2u4xeY/m/HB5yHqlkJB1uQR3Zw4R3hBWLj46STRAN0rg=="],

    "@sinclair/typebox": ["@sinclair/typebox@0.34.49", "", {}, "sha512-brySQQs7Jtn0joV8Xh9ZV/hZb9Ozb0pmazDIASBkYKCjXrXU3mpcFahmK/z4YDhGkQvP9mWJbVyahdtU5wQA+A=="],

    "@tokenizer/inflate": ["@tokenizer/inflate@0.4.1", "", { "dependencies": { "debug": "^4.4.3", "token-types": "^6.1.1" } }, "sha512-2mAv+8pkG6GIZiF1kNg1jAjh27IDxEPKwdGul3snfztFerfPGI1LjDezZp3i7BElXompqEtPmoPx6c2wgtWsOA=="],

    "@tokenizer/token": ["@tokenizer/token@0.3.0", "", {}, "sha512-OvjF+z51L3ov0OyAU0duzsYuvO01PH7x4t6DJx+guahgTnBHkhJdG7soQeTSFLWN3efnHyibZ4Z8l2EuWwJN3A=="],

    "@types/bun": ["@types/bun@1.3.14", "", { "dependencies": { "bun-types": "1.3.14" } }, "sha512-h1hFqFVcvAvD9j9K7ZW7vd82aSA+rTdznZa+5bwvCwqSB1jmmfLcbIWhOLx1/+boy/xmjgCs/OMUL8hRJSmnPw=="],

    "@types/dom-mediacapture-transform": ["@types/dom-mediacapture-transform@0.1.11", "", { "dependencies": { "@types/dom-webcodecs": "*" } }, "sha512-Y2p+nGf1bF2XMttBnsVPHUWzRRZzqUoJAKmiP10b5umnO6DDrWI0BrGDJy1pOHoOULVmGSfFNkQrAlC5dcj6nQ=="],

    "@types/dom-webcodecs": ["@types/dom-webcodecs@0.1.13", "", {}, "sha512-O5hkiFIcjjszPIYyUSyvScyvrBoV3NOEEZx/pMlsu44TKzWNkLVBBxnxJz42in5n3QIolYOcBYFCPZZ0h8SkwQ=="],

    "@types/node": ["@types/node@26.1.0", "", { "dependencies": { "undici-types": "~8.3.0" } }, "sha512-O0A1G3xPGy4w7AgQdAQYUlQ+BKk2Oovw8eRpofyp5KdBZULnbe+WqaOVNrm705SHphCiG4XHsACrSmPu1f+Kgw=="],

    "aes-js": ["aes-js@3.1.2", "", {}, "sha512-e5pEa2kBnBOgR4Y/p20pskXI74UEz7de8ZGVo58asOtvSVG5YAbJeELPZxOmt+Bnz3rX753YKhfIn4X4l1PPRQ=="],

    "asn1js": ["asn1js@3.0.10", "", { "dependencies": { "pvtsutils": "^1.3.6", "pvutils": "^1.1.5", "tslib": "^2.8.1" } }, "sha512-S2s3aOytiKdFRdulw2qPE51MzjzVOisppcVv7jVFR+Kw0kxwvFrDcYA0h7Ndqbmj0HkMIXYWaoj7fli8kgx1eg=="],

    "base64-js": ["base64-js@1.5.1", "", {}, "sha512-AKpaYlHn8t4SVbOHCy+b5+KKgvR4vrsD8vbvrbiQJps7fKDTkjkDry6ji0rUJjC0kzbNePLwzxq8iypo41qeWA=="],

    "bluebird": ["bluebird@3.7.2", "", {}, "sha512-XpNj6GDQzdfW+r2Wnn7xiSAd7TM3jzkxGXBGTtWKuSXv1xUV+azxAm8jdWZN06QTQk+2N2XB9jRDkvbmQmcRtg=="],

    "buffer": ["buffer@6.0.3", "", { "dependencies": { "base64-js": "^1.3.1", "ieee754": "^1.2.1" } }, "sha512-FTiCpNxtwiZZHEZbcbTIcZjERVICn9yq/pDFkTl95/AxzD1naBctN7YO68riM/gLSDY7sdrMby8hofADYuuqOA=="],

    "buffer-crc32": ["buffer-crc32@1.0.0", "", {}, "sha512-Db1SbgBS/fg/392AblrMJk97KggmvYhr4pB5ZIMTWtaivCPMWLkmb7m21cJvpvgK+J3nsU2CmmixNBZx4vFj/w=="],

    "bun-types": ["bun-types@1.3.14", "", { "dependencies": { "@types/node": "*" } }, "sha512-4N0ig0fEomHt5R0KCFWjovxow98rIoRwKolrYdCcknNwMekCXRnWEUvgu5soYV8QXtVsrUD8B95MBOZGPvr6KQ=="],

    "cookie": ["cookie@1.1.1", "", {}, "sha512-ei8Aos7ja0weRpFzJnEA9UHJ/7XQmqglbRwnf2ATjcB9Wq874VKH9kfjjirM6UhU2/E5fFYadylyhFldcqSidQ=="],

    "core-util-is": ["core-util-is@1.0.3", "", {}, "sha512-ZQBvi1DcpJ4GDqanjucZ2Hj3wEO5pZDS89BWbkcrvdxksJorwUDDZamX9ldFkp9aw2lmBDLgkObEA4DWNJ9FYQ=="],

    "date-fns": ["date-fns@2.30.0", "", { "dependencies": { "@babel/runtime": "^7.21.0" } }, "sha512-fnULvOpxnC5/Vg3NCiWelDsLiUc9bRwAPs/+LfTLNvetFCtCTN+yQz15C/fs4AwX1R9K5GLtLfn8QW+dWisaAw=="],

    "debug": ["debug@4.4.0", "", { "dependencies": { "ms": "^2.1.3" } }, "sha512-6WTZ/IxCY/T6BALoZHaE4ctp9xm+Z5kY/pzYaCHRFeyVhojxlrm+46y68HA6hr0TcwEssoxNiDEUJQjfPZ/RYA=="],

    "dns-packet": ["dns-packet@5.6.1", "", { "dependencies": { "@leichtgewicht/ip-codec": "^2.0.1" } }, "sha512-l4gcSouhcgIKRvyy99RNVOgxXiicE+2jZoNmaNmZ6JXiGajBOJAesk1OBlJuM5k2c+eudGdLxDqXuPCKIj6kpw=="],

    "dotenv": ["dotenv@17.4.2", "", {}, "sha512-nI4U3TottKAcAD9LLud4Cb7b2QztQMUEfHbvhTH09bqXTxnSie8WnjPALV/WMCrJZ6UV/qHJ6L03OqO3LcdYZw=="],

    "duplexer2": ["duplexer2@0.1.4", "", { "dependencies": { "readable-stream": "^2.0.2" } }, "sha512-asLFVfWWtJ90ZyOUHMqk7/S2w2guQKxUI2itj3d92ADHhxUSbCMGi1f1cBcJ7xM1To+pE/Khbwo1yuNbMEPKeA=="],

    "elysia": ["elysia@1.4.29", "", { "dependencies": { "cookie": "^1.1.1", "exact-mirror": "^0.2.7", "fast-decode-uri-component": "^1.0.1", "memoirist": "^0.4.0" }, "peerDependencies": { "@sinclair/typebox": ">= 0.34.0 < 1", "@types/bun": ">= 1.2.0", "file-type": ">= 20.0.0", "openapi-types": ">= 12.0.0", "typescript": ">= 5.0.0" }, "optionalPeers": ["@types/bun", "typescript"] }, "sha512-GwMRGGwSdjfPt+w3LA0fqTuYJtS8uVRJicvoar98/HrO5qdFKDc9CwjIb6Kja+v39lkY+58hr2JvdR9jQzlUuA=="],

    "exact-mirror": ["exact-mirror@0.2.7", "", { "peerDependencies": { "@sinclair/typebox": "^0.34.15" }, "optionalPeers": ["@sinclair/typebox"] }, "sha512-+MeEmDcLA4o/vjK2zujgk+1VTxPR4hdp23qLqkWfStbECtAq9gmsvQa3LW6z/0GXZyHJobrCnmy1cdeE7BjsYg=="],

    "fast-decode-uri-component": ["fast-decode-uri-component@1.0.1", "", {}, "sha512-WKgKWg5eUxvRZGwW8FvfbaH7AXSh2cL+3j5fMGzUMCxWBJ3dV3a7Wz8y2f/uQ0e3B6WmodD3oS54jTQ9HVTIIg=="],

    "fast-deep-equal": ["fast-deep-equal@3.1.3", "", {}, "sha512-f3qQ9oQy9j2AhBe/H9VC91wLmKBCCU/gDOnKNAYG5hswO7BLKj09Hc5HYNz9cGI++xlpDCIgDaitVs03ATR84Q=="],

    "file-type": ["file-type@22.0.1", "", { "dependencies": { "@tokenizer/inflate": "^0.4.1", "strtok3": "^10.3.5", "token-types": "^6.1.2", "uint8array-extras": "^1.5.0" } }, "sha512-ww5Mhre0EE+jmBvOXTmXAbEMuZE7uX4a3+oRCQFNj8w++g3ev913N6tXQz0XTXbueQ5TWQfm6BdaViEHHn8bhA=="],

    "fs-extra": ["fs-extra@11.3.1", "", { "dependencies": { "graceful-fs": "^4.2.0", "jsonfile": "^6.0.1", "universalify": "^2.0.0" } }, "sha512-eXvGGwZ5CL17ZSwHWd3bbgk7UUpF6IFHtP57NYYakPvHOs8GDgDe5KJI36jIJzDkJ6eJjuzRA8eBQb6SkKue0g=="],

    "generate-function": ["generate-function@2.3.1", "", { "dependencies": { "is-property": "^1.0.2" } }, "sha512-eeB5GfMNeevm/GRYq20ShmsaGcmI81kIX2K9XQx5miC8KdHaC6Jm0qQ8ZNeGOi7wYB8OsdxKs+Y2oVuTFuVwKQ=="],

    "graceful-fs": ["graceful-fs@4.2.11", "", {}, "sha512-RbJ5/jmFcNNCcDV5o9eTnBLJ/HszWV0P73bc+Ff4nS/rJj+YaS6IGyiOL0VoBYX+l1Wrl3k63h/KrH+nhJ0XvQ=="],

    "ieee754": ["ieee754@1.2.1", "", {}, "sha512-dcyqhDvX1C46lXZcVqCpK+FtMRQVdIMN6/Df5js2zouUsqG7I6sFxitIC+7KYK29KdXOLHdu9zL4sFnoVQnqaA=="],

    "inherits": ["inherits@2.0.4", "", {}, "sha512-k/vGaX4/Yla3WzyMCvTQOXYeIHvqOKtnqBduzTHpzpQZzAskKMhZ2K+EnBiSM9zGSoIFeMpXKxa4dYeZIQqewQ=="],

    "int64-buffer": ["int64-buffer@1.1.0", "", {}, "sha512-94smTCQOvigN4d/2R/YDjz8YVG0Sufvv2aAh8P5m42gwhCsDAJqnbNOrxJsrADuAFAA69Q/ptGzxvNcNuIJcvw=="],

    "ip": ["ip@2.0.1", "", {}, "sha512-lJUL9imLTNi1ZfXT+DU6rBBdbiKGBuay9B6xGSPVjUeQwaH1RIGqef8RZkUtHioLmSNpPR5M4HVKJGm1j8FWVQ=="],

    "is-plain-object": ["is-plain-object@2.0.4", "", { "dependencies": { "isobject": "^3.0.1" } }, "sha512-h5PpgXkWitc38BBMYawTYMWJHFZJVnBquFE57xFpjB8pJFiF6gZ+bU+WyI/yqXiFR5mdLsgYNaPe8uao6Uv9Og=="],

    "is-property": ["is-property@1.0.2", "", {}, "sha512-Ks/IoX00TtClbGQr4TWXemAnktAQvYB7HzcCxDGqEZU6oCmb2INHuOoKxbtR+HFkmYWBKv/dOZtGRiAjDhj92g=="],

    "isarray": ["isarray@1.0.0", "", {}, "sha512-VLghIWNM6ELQzo7zwmcg0NmTVyWKYjvIeM83yjp0wRDTmUnrM678fQbcKBo6n2CJEF0szoG//ytg+TKla89ALQ=="],

    "isobject": ["isobject@3.0.1", "", {}, "sha512-WhB9zCku7EGTj/HQQRz5aUQEUeoQZH2bWcltRErOpymJ4boYE6wL9Tbr23krRPSZ+C5zqNSrSw+Cc7sZZ4b7vg=="],

    "jsonfile": ["jsonfile@6.2.1", "", { "dependencies": { "universalify": "^2.0.0" }, "optionalDependencies": { "graceful-fs": "^4.1.6" } }, "sha512-zwOTdL3rFQ/lRdBnntKVOX6k5cKJwEc1HdilT71BWEu7J41gXIB2MRp+vxduPSwZJPWBxEzv4yH1wYLJGUHX4Q=="],

    "lodash": ["lodash@4.18.1", "", {}, "sha512-dMInicTPVE8d1e5otfwmmjlxkZoUpiVLwyeTdUsi/Caj/gfzzblBcCE5sRHV/AsjuCmxWrte2TNGSYuCeCq+0Q=="],

    "mediabunny": ["mediabunny@1.50.6", "", { "dependencies": { "@types/dom-mediacapture-transform": "^0.1.11", "@types/dom-webcodecs": "0.1.13" } }, "sha512-ktHEuGFZ1lqXx16CQiViawxg8Kn2cBcpudjjko7dMuDHMT8W/UrQ0ojhfrXL69/nUrbVFGMwmu58pFz9d0MyOQ=="],

    "memoirist": ["memoirist@0.4.0", "", {}, "sha512-zxTgA0mSYELa66DimuNQDvyLq36AwDlTuVRbnQtB+VuTcKWm5Qc4z3WkSpgsFWHNhexqkIooqpv4hdcqrX5Nmg=="],

    "mp4box": ["mp4box@0.5.4", "", {}, "sha512-GcCH0fySxBurJtvr0dfhz0IxHZjc1RP+F+I8xw+LIwkU1a+7HJx8NCDiww1I5u4Hz6g4eR1JlGADEGJ9r4lSfA=="],

    "ms": ["ms@2.1.3", "", {}, "sha512-6FlzubTLZG3J2a/NVCAleEhjzq5oxgHyaCU9yYXvcLsvoVaHJq/s5xXI6/XXP6tz7R9xAOtHnSO/tXtF3WRTlA=="],

    "multicast-dns": ["multicast-dns@7.2.5", "", { "dependencies": { "dns-packet": "^5.2.2", "thunky": "^1.0.2" }, "bin": { "multicast-dns": "cli.js" } }, "sha512-2eznPJP8z2BFLX50tf0LuODrpINqP1RVIm/CObbTcBRITQgmC/TjcREF1NeTBzIcR5XO/ukWo+YHOjBbFwIupg=="],

    "node-av": ["node-av@6.1.1", "", { "dependencies": { "unzipper": "^0.12.5" }, "optionalDependencies": { "@seydx/node-av-darwin-arm64": "^6.1.1", "@seydx/node-av-darwin-x64": "^6.1.1", "@seydx/node-av-linux-arm64": "^6.1.1", "@seydx/node-av-linux-x64": "^6.1.1", "@seydx/node-av-win32-arm64-mingw": "^6.1.1", "@seydx/node-av-win32-arm64-msvc": "^6.1.1", "@seydx/node-av-win32-x64-mingw": "^6.1.1", "@seydx/node-av-win32-x64-msvc": "^6.1.1", "werift": "^0.23.0" } }, "sha512-nuj2cpAelVZQ8hWJB26i9wYIPI/l+GzIAw8zbZuepFpq52khjYQ8s5S+Qi2cG1D+zjb7TYx7QqKpiZH32tqo2A=="],

    "node-int64": ["node-int64@0.4.0", "", {}, "sha512-O5lz91xSOeoXP6DulyHfllpq+Eg00MWitZIbtPfoSEvqIHdl5gfcY6hYzDWnj0qD5tz52PI08u9qUvSVeUBeHw=="],

    "openapi-types": ["openapi-types@12.1.3", "", {}, "sha512-N4YtSYJqghVu4iek2ZUvcN/0aqH1kRDuNqzcycDxhOUpg7GdvLa2F3DgS6yBNhInhv2r/6I0Flkn7CqL8+nIcw=="],

    "p-cancelable": ["p-cancelable@2.1.1", "", {}, "sha512-BZOr3nRQHOntUjTrH8+Lh54smKHoHyur8We1V8DSMVrl5A2malOOwuJRnKRDjSnkoeBh4at6BwEnb5I7Jl31wg=="],

    "process-nextick-args": ["process-nextick-args@2.0.1", "", {}, "sha512-3ouUOpQhtgrbOa17J7+uxOTpITYWaGP7/AhoR3+A+/1e9skrzelGi/dXzEYyvbxubEF6Wn2ypscTKiKJFFn1ag=="],

    "pvtsutils": ["pvtsutils@1.3.6", "", { "dependencies": { "tslib": "^2.8.1" } }, "sha512-PLgQXQ6H2FWCaeRak8vvk1GW462lMxB5s3Jm673N82zI4vqtVUPuZdffdZbPDFRoU8kAhItWFtPCWiPpp4/EDg=="],

    "pvutils": ["pvutils@1.1.5", "", {}, "sha512-KTqnxsgGiQ6ZAzZCVlJH5eOjSnvlyEgx1m8bkRJfOhmGRqfo5KLvmAlACQkrjEtOQ4B7wF9TdSLIs9O90MX9xA=="],

    "readable-stream": ["readable-stream@2.3.8", "", { "dependencies": { "core-util-is": "~1.0.0", "inherits": "~2.0.3", "isarray": "~1.0.0", "process-nextick-args": "~2.0.0", "safe-buffer": "~5.1.1", "string_decoder": "~1.1.1", "util-deprecate": "~1.0.1" } }, "sha512-8p0AUk4XODgIewSi0l8Epjs+EVnWiK7NoDIEGU0HhE7+ZyY8D1IMY7odu5lRrFXGg71L15KG8QrPmum45RTtdA=="],

    "reflect-metadata": ["reflect-metadata@0.2.2", "", {}, "sha512-urBwgfrvVP/eAyXx4hluJivBKzuEbSQs9rKWCrCkbSxNv8mxPcUZKeuoF3Uy4mJl3Lwprp6yy5/39VWigZ4K6Q=="],

    "rx.mini": ["rx.mini@1.4.0", "", {}, "sha512-8w5cSc1mwNja7fl465DXOkVvIOkpvh2GW4jo31nAIvX4WTXCsRnKJGUfiDBzWtYRInEcHAUYIZfzusjIrea8gA=="],

    "safe-buffer": ["safe-buffer@5.1.2", "", {}, "sha512-Gd2UZBJDkXlY7GbJxfsE8/nvKkUEU1G38c1siN6QP6a9PT9MmHB8GnpscSmMJSoF8LOIrt8ud/wPtojys4G6+g=="],

    "string_decoder": ["string_decoder@1.1.1", "", { "dependencies": { "safe-buffer": "~5.1.0" } }, "sha512-n/ShnvDi6FHbbVfviro+WojiFzv+s8MPMHBczVePfUpDJLwoLT0ht1l4YwBCbi8pJAveEEdnkHyPyTP/mzRfwg=="],

    "strtok3": ["strtok3@10.3.5", "", { "dependencies": { "@tokenizer/token": "^0.3.0" } }, "sha512-ki4hZQfh5rX0QDLLkOCj+h+CVNkqmp/CMf8v8kZpkNVK6jGQooMytqzLZYUVYIZcFZ6yDB70EfD8POcFXiF5oA=="],

    "thunky": ["thunky@1.1.0", "", {}, "sha512-eHY7nBftgThBqOyHGVN+l8gF0BucP09fMo0oO/Lb0w1OF80dJv+lDVpXG60WMQvkcxAkNybKsrEIE3ZtKGmPrA=="],

    "token-types": ["token-types@6.1.2", "", { "dependencies": { "@borewit/text-codec": "^0.2.1", "@tokenizer/token": "^0.3.0", "ieee754": "^1.2.1" } }, "sha512-dRXchy+C0IgK8WPC6xvCHFRIWYUbqqdEIKPaKo/AcTUNzwLTK6AH7RjdLWsEZcAN/TBdtfUw3PYEgPr5VPr6ww=="],

    "tslib": ["tslib@2.8.1", "", {}, "sha512-oJFu94HQb+KVduSUQL7wnpmqnfmLsOA/nAh6b6EH0wCEoK0/mPeXU6c3wKDV83MkOuHPRHtSXKKU99IBazS/2w=="],

    "tsyringe": ["tsyringe@4.10.0", "", { "dependencies": { "tslib": "^1.9.3" } }, "sha512-axr3IdNuVIxnaK5XGEUFTu3YmAQ6lllgrvqfEoR16g/HGnYY/6We4oWENtAnzK6/LpJ2ur9PAb80RBt7/U4ugw=="],

    "turbores": ["turbores@1.2.1", "", { "optionalDependencies": { "@rollup/rollup-linux-x64-gnu": "4.62.1" } }, "sha512-HcnLHiUggT2YXmnTpUdT3JHnkGWvdJlW9XBPLKZBBB3X5oOEuBaHF99cW+H+CSxnhM+rth2qDTCAteIKhKwiGQ=="],

    "tweetnacl": ["tweetnacl@1.0.3", "", {}, "sha512-6rt+RN7aOi1nGMyC4Xa5DdYiukl2UWCbcJft7YhxReBGQD7OAM8Pbxw6YMo4r2diNEA8FEmu32YOn9rhaiE5yw=="],

    "typescript": ["typescript@5.9.3", "", { "bin": { "tsc": "bin/tsc", "tsserver": "bin/tsserver" } }, "sha512-jl1vZzPDinLr9eUt3J/t7V6FgNEw9QjvBPdysz9KfQDD41fQrC2Y4vKQdiaUpFT4bXlb1RHhLpp8wtm6M5TgSw=="],

    "uint8array-extras": ["uint8array-extras@1.5.0", "", {}, "sha512-rvKSBiC5zqCCiDZ9kAOszZcDvdAHwwIKJG33Ykj43OKcWsnmcBRL09YTU4nOeHZ8Y2a7l1MgTd08SBe9A8Qj6A=="],

    "undici-types": ["undici-types@8.3.0", "", {}, "sha512-j375ScV60dom+YkPFIfTLcOiPxkN/buHz5GobjLhixFuANaNs3C9l4GmrWqejgXWJ7BbJcFYpTEUkS1Ge8bpZQ=="],

    "universalify": ["universalify@2.0.1", "", {}, "sha512-gptHNQghINnc/vTGIk0SOFGFNXw7JVrlRUtConJRlvaw6DuX0wO5Jeko9sWrMBhh+PsYAZ7oXAiOnf/UKogyiw=="],

    "unzipper": ["unzipper@0.12.5", "", { "dependencies": { "bluebird": "~3.7.2", "duplexer2": "~0.1.4", "fs-extra": "11.3.1", "graceful-fs": "^4.2.2", "node-int64": "^0.4.0" } }, "sha512-tXYOi9R57Uj/2Z25SOs5RRSzq886MBQj2gY8dPL+xl/kv6s6SvByoKfAtvfVeEuhntWDgjd2o9p2lb4TVPAz0A=="],

    "util-deprecate": ["util-deprecate@1.0.2", "", {}, "sha512-EPD5q1uXyFxJpCrLnCc1nHnq3gOa6DZBocAIiI2TaSCA7VCJ1UJDMagCzIkXNsUYfD1daK//LTEQ8xiIbrHtcw=="],

    "werift": ["werift@0.23.0", "", { "dependencies": { "@fidm/x509": "^1.2.1", "@minhducsun2002/leb128": "^1.0.0", "@noble/curves": "^1.8.1", "@peculiar/x509": "^1.12.3", "@shinyoshiaki/binary-data": "^0.6.1", "@shinyoshiaki/jspack": "^0.0.6", "aes-js": "^3.1.2", "buffer": "^6.0.3", "debug": "4.4.0", "fast-deep-equal": "^3.1.3", "int64-buffer": "1.1.0", "ip": "^2.0.1", "mp4box": "^0.5.3", "multicast-dns": "^7.2.5", "tweetnacl": "^1.0.3", "werift-common": "*", "werift-dtls": "*", "werift-ice": "*", "werift-rtp": "*", "werift-sctp": "*" } }, "sha512-/WcIN5DHFG9Ri4anGOmIkp8gxBGFMWSIB/m4sfZ5CWlLfD3iMhiaAUuTBuc+KV3SY9NDmvmLtiN2uaM7k3lVzw=="],

    "werift-common": ["werift-common@0.0.3", "", { "dependencies": { "@shinyoshiaki/jspack": "^0.0.6", "debug": "^4.4.0" } }, "sha512-ma3E4BqKTyZVLhrdfTVs2T1tg9seeUtKMRn5e64LwgrogWa62+3LAUoLBUSl1yPWhgSkXId7GmcHuWDen9IJeQ=="],

    "werift-dtls": ["werift-dtls@0.5.7", "", { "dependencies": { "@fidm/x509": "^1.2.1", "@noble/curves": "^1.3.0", "@peculiar/x509": "^1.9.2", "@shinyoshiaki/binary-data": "^0.6.1", "date-fns": "^2.29.3", "lodash": "^4.17.21", "rx.mini": "^1.2.2", "tweetnacl": "^1.0.3" } }, "sha512-z2fjbP7fFUFmu/Ky4bCKXzdgPTtmSY1DYi0TUf3GG2zJT4jMQ3TQmGY8y7BSSNGetvL4h3pRZ5un0EcSOWpPog=="],

    "werift-ice": ["werift-ice@0.2.2", "", { "dependencies": { "@shinyoshiaki/jspack": "^0.0.6", "buffer-crc32": "^1.0.0", "debug": "^4.3.4", "int64-buffer": "^1.0.1", "ip": "^2.0.1", "lodash": "^4.17.21", "multicast-dns": "^7.2.5", "p-cancelable": "^2.1.1", "rx.mini": "^1.2.2" } }, "sha512-td52pHp+JmFnUn5jfDr/SSNO0dMCbknhuPdN1tFp9cfRj5jaktN63qnAdUuZC20QCC3ETWdsOthcm+RalHpFCQ=="],

    "werift-rtp": ["werift-rtp@0.8.8", "", { "dependencies": { "@minhducsun2002/leb128": "^1.0.0", "@shinyoshiaki/jspack": "^0.0.6", "aes-js": "^3.1.2", "buffer": "^6.0.3", "mp4box": "^0.5.3" } }, "sha512-GiYMSdvCyScQaw5bnEsraSoHUVZpjfokJAiLV4R1FsiB06t6XiebPYPpkqB9nYNNKiA8Z/cYWsym7wISq1sYSQ=="],

    "werift-sctp": ["werift-sctp@0.0.11", "", { "dependencies": { "@shinyoshiaki/jspack": "^0.0.6" } }, "sha512-7109yuI5U7NTEHjqjn0A8VeynytkgVaxM6lRr1Ziv0D8bPcaB8A7U/P88M7WaCpWDoELHoXiRUjQycMWStIgjQ=="],

    "@tokenizer/inflate/debug": ["debug@4.4.3", "", { "dependencies": { "ms": "^2.1.3" } }, "sha512-RGwwWnwQvkVfavKVt22FGLw+xYSdzARwm0ru6DhTVA3umU5hZc28V3kO4stgYryrTlLpuvgI9GiijltAjNbcqA=="],

    "tsyringe/tslib": ["tslib@1.14.1", "", {}, "sha512-Xni35NKzjgMrwevysHTCArtLDpPvye8zV/0E4EyYn43P7/7qvQwPh9BGkHewbMulVntbigmcT7rdX3BNo9wRJg=="],
  }
}
